// !$*UTF8*$!
{
	archiveVersion = 1;
	classes = {
	};
	objectVersion = 50;
	objects = {

/* Begin PBXBuildFile section */
		0B4825AF2231120D0097E3EA /* AppDelegate.m in Sources */ = {isa = PBXBuildFile; fileRef = 0B4825AE2231120D0097E3EA /* AppDelegate.m */; };
		0B4825B22231120E0097E3EA /* ViewController.m in Sources */ = {isa = PBXBuildFile; fileRef = 0B4825B12231120E0097E3EA /* ViewController.m */; };
		0B4825B52231120E0097E3EA /* Main.storyboard in Resources */ = {isa = PBXBuildFile; fileRef = 0B4825B32231120E0097E3EA /* Main.storyboard */; };
		0B4825B72231120E0097E3EA /* Assets.xcassets in Resources */ = {isa = PBXBuildFile; fileRef = 0B4825B62231120E0097E3EA /* Assets.xcassets */; };
		0B4825BA2231120E0097E3EA /* LaunchScreen.storyboard in Resources */ = {isa = PBXBuildFile; fileRef = 0B4825B82231120E0097E3EA /* LaunchScreen.storyboard */; };
		0B4825BD2231120E0097E3EA /* main.m in Sources */ = {isa = PBXBuildFile; fileRef = 0B4825BC2231120E0097E3EA /* main.m */; };
		0B4825C72231120E0097E3EA /* CYDemoTests.m in Sources */ = {isa = PBXBuildFile; fileRef = 0B4825C62231120E0097E3EA /* CYDemoTests.m */; };
		0B4825D22231120E0097E3EA /* CYDemoUITests.m in Sources */ = {isa = PBXBuildFile; fileRef = 0B4825D12231120E0097E3EA /* CYDemoUITests.m */; };
		57FB46682BF13BC0F38E7C52 /* libPods-CYDemoTests.a in Frameworks */ = {isa = PBXBuildFile; fileRef = B9FE979F09F082234282464A /* libPods-CYDemoTests.a */; };
		600EC61348E089172E3C6523 /* libPods-CYDemoUITests.a in Frameworks */ = {isa = PBXBuildFile; fileRef = 01F907B437A62874C82DBA7E /* libPods-CYDemoUITests.a */; };
		BC853C1976E536614F9B5CA1 /* libPods-CYDemo.a in Frameworks */ = {isa = PBXBuildFile; fileRef = 9EE28AB3D8EC80E623F994A7 /* libPods-CYDemo.a */; };
/* End PBXBuildFile section */

/* Begin PBXContainerItemProxy section */
		0B4825C32231120E0097E3EA /* PBXContainerItemProxy */ = {
			isa = PBXContainerItemProxy;
			containerPortal = 0B4825A22231120D0097E3EA /* Project object */;
			proxyType = 1;
			remoteGlobalIDString = 0B4825A92231120D0097E3EA;
			remoteInfo = CYDemo;
		};
		0B4825CE2231120E0097E3EA /* PBXContainerItemProxy */ = {
			isa = PBXContainerItemProxy;
			containerPortal = 0B4825A22231120D0097E3EA /* Project object */;
			proxyType = 1;
			remoteGlobalIDString = 0B4825A92231120D0097E3EA;
			remoteInfo = CYDemo;
		};
/* End PBXContainerItemProxy section */

/* Begin PBXFileReference section */
		01F907B437A62874C82DBA7E /* libPods-CYDemoUITests.a */ = {isa = PBXFileReference; explicitFileType = archive.ar; includeInIndex = 0; path = "libPods-CYDemoUITests.a"; sourceTree = BUILT_PRODUCTS_DIR; };
		0B4825AA2231120D0097E3EA /* CYDemo.app */ = {isa = PBXFileReference; explicitFileType = wrapper.application; includeInIndex = 0; path = CYDemo.app; sourceTree = BUILT_PRODUCTS_DIR; };
		0B4825AD2231120D0097E3EA /* AppDelegate.h */ = {isa = PBXFileReference; lastKnownFileType = sourcecode.c.h; path = AppDelegate.h; sourceTree = "<group>"; };
		0B4825AE2231120D0097E3EA /* AppDelegate.m */ = {isa = PBXFileReference; lastKnownFileType = sourcecode.c.objc; path = AppDelegate.m; sourceTree = "<group>"; };
		0B4825B02231120D0097E3EA /* ViewController.h */ = {isa = PBXFileReference; lastKnownFileType = sourcecode.c.h; path = ViewController.h; sourceTree = "<group>"; };
		0B4825B12231120E0097E3EA /* ViewController.m */ = {isa = PBXFileReference; lastKnownFileType = sourcecode.c.objc; path = ViewController.m; sourceTree = "<group>"; };
		0B4825B42231120E0097E3EA /* Base */ = {isa = PBXFileReference; lastKnownFileType = file.storyboard; name = Base; path = Base.lproj/Main.storyboard; sourceTree = "<group>"; };
		0B4825B62231120E0097E3EA /* Assets.xcassets */ = {isa = PBXFileReference; lastKnownFileType = folder.assetcatalog; path = Assets.xcassets; sourceTree = "<group>"; };
		0B4825B92231120E0097E3EA /* Base */ = {isa = PBXFileReference; lastKnownFileType = file.storyboard; name = Base; path = Base.lproj/LaunchScreen.storyboard; sourceTree = "<group>"; };
		0B4825BB2231120E0097E3EA /* Info.plist */ = {isa = PBXFileReference; lastKnownFileType = text.plist.xml; path = Info.plist; sourceTree = "<group>"; };
		0B4825BC2231120E0097E3EA /* main.m */ = {isa = PBXFileReference; lastKnownFileType = sourcecode.c.objc; path = main.m; sourceTree = "<group>"; };
		0B4825C22231120E0097E3EA /* CYDemoTests.xctest */ = {isa = PBXFileReference; explicitFileType = wrapper.cfbundle; includeInIndex = 0; path = CYDemoTests.xctest; sourceTree = BUILT_PRODUCTS_DIR; };
		0B4825C62231120E0097E3EA /* CYDemoTests.m */ = {isa = PBXFileReference; lastKnownFileType = sourcecode.c.objc; path = CYDemoTests.m; sourceTree = "<group>"; };
		0B4825C82231120E0097E3EA /* Info.plist */ = {isa = PBXFileReference; lastKnownFileType = text.plist.xml; path = Info.plist; sourceTree = "<group>"; };
		0B4825CD2231120E0097E3EA /* CYDemoUITests.xctest */ = {isa = PBXFileReference; explicitFileType = wrapper.cfbundle; includeInIndex = 0; path = CYDemoUITests.xctest; sourceTree = BUILT_PRODUCTS_DIR; };
		0B4825D12231120E0097E3EA /* CYDemoUITests.m */ = {isa = PBXFileReference; lastKnownFileType = sourcecode.c.objc; path = CYDemoUITests.m; sourceTree = "<group>"; };
		0B4825D32231120E0097E3EA /* Info.plist */ = {isa = PBXFileReference; lastKnownFileType = text.plist.xml; path = Info.plist; sourceTree = "<group>"; };
		1B22B3E51A0573237EE1D83C /* Pods-CYDemoUITests.debug.xcconfig */ = {isa = PBXFileReference; includeInIndex = 1; lastKnownFileType = text.xcconfig; name = "Pods-CYDemoUITests.debug.xcconfig"; path = "Pods/Target Support Files/Pods-CYDemoUITests/Pods-CYDemoUITests.debug.xcconfig"; sourceTree = "<group>"; };
		70839F9DD7832BED2E7252D1 /* Pods-CYDemoUITests.release.xcconfig */ = {isa = PBXFileReference; includeInIndex = 1; lastKnownFileType = text.xcconfig; name = "Pods-CYDemoUITests.release.xcconfig"; path = "Pods/Target Support Files/Pods-CYDemoUITests/Pods-CYDemoUITests.release.xcconfig"; sourceTree = "<group>"; };
		9EE28AB3D8EC80E623F994A7 /* libPods-CYDemo.a */ = {isa = PBXFileReference; explicitFileType = archive.ar; includeInIndex = 0; path = "libPods-CYDemo.a"; sourceTree = BUILT_PRODUCTS_DIR; };
		AC57D51EC6B3DE040CA1FA49 /* Pods-CYDemoTests.debug.xcconfig */ = {isa = PBXFileReference; includeInIndex = 1; lastKnownFileType = text.xcconfig; name = "Pods-CYDemoTests.debug.xcconfig"; path = "Pods/Target Support Files/Pods-CYDemoTests/Pods-CYDemoTests.debug.xcconfig"; sourceTree = "<group>"; };
		B229115EE9C6F3BFF3FA7D6A /* Pods-CYDemo.release.xcconfig */ = {isa = PBXFileReference; includeInIndex = 1; lastKnownFileType = text.xcconfig; name = "Pods-CYDemo.release.xcconfig"; path = "Pods/Target Support Files/Pods-CYDemo/Pods-CYDemo.release.xcconfig"; sourceTree = "<group>"; };
		B7CBF8635BF8C8B795CA1924 /* Pods-CYDemo.debug.xcconfig */ = {isa = PBXFileReference; includeInIndex = 1; lastKnownFileType = text.xcconfig; name = "Pods-CYDemo.debug.xcconfig"; path = "Pods/Target Support Files/Pods-CYDemo/Pods-CYDemo.debug.xcconfig"; sourceTree = "<group>"; };
		B9FE979F09F082234282464A /* libPods-CYDemoTests.a */ = {isa = PBXFileReference; explicitFileType = archive.ar; includeInIndex = 0; path = "libPods-CYDemoTests.a"; sourceTree = BUILT_PRODUCTS_DIR; };
		E34599835953D1B13D32BEEB /* Pods-CYDemoTests.release.xcconfig */ = {isa = PBXFileReference; includeInIndex = 1; lastKnownFileType = text.xcconfig; name = "Pods-CYDemoTests.release.xcconfig"; path = "Pods/Target Support Files/Pods-CYDemoTests/Pods-CYDemoTests.release.xcconfig"; sourceTree = "<group>"; };
/* End PBXFileReference section */

/* Begin PBXFrameworksBuildPhase section */
		0B4825A72231120D0097E3EA /* Frameworks */ = {
			isa = PBXFrameworksBuildPhase;
			buildActionMask = 2147483647;
			files = (
				BC853C1976E536614F9B5CA1 /* libPods-CYDemo.a in Frameworks */,
			);
			runOnlyForDeploymentPostprocessing = 0;
		};
		0B4825BF2231120E0097E3EA /* Frameworks */ = {
			isa = PBXFrameworksBuildPhase;
			buildActionMask = 2147483647;
			files = (
				57FB46682BF13BC0F38E7C52 /* libPods-CYDemoTests.a in Frameworks */,
			);
			runOnlyForDeploymentPostprocessing = 0;
		};
		0B4825CA2231120E0097E3EA /* Frameworks */ = {
			isa = PBXFrameworksBuildPhase;
			buildActionMask = 2147483647;
			files = (
				600EC61348E089172E3C6523 /* libPods-CYDemoUITests.a in Frameworks */,
			);
			runOnlyForDeploymentPostprocessing = 0;
		};
/* End PBXFrameworksBuildPhase section */

/* Begin PBXGroup section */
		0138B76D37593B6A68A6A5CD /* Frameworks */ = {
			isa = PBXGroup;
			children = (
				9EE28AB3D8EC80E623F994A7 /* libPods-CYDemo.a */,
				B9FE979F09F082234282464A /* libPods-CYDemoTests.a */,
				01F907B437A62874C82DBA7E /* libPods-CYDemoUITests.a */,
			);
			name = Frameworks;
			sourceTree = "<group>";
		};
		0B4825A12231120D0097E3EA = {
			isa = PBXGroup;
			children = (
				0BBA5B67223112CF005DB5F7 /* Lib */,
				0B4825AC2231120D0097E3EA /* CYDemo */,
				0B4825C52231120E0097E3EA /* CYDemoTests */,
				0B4825D02231120E0097E3EA /* CYDemoUITests */,
				0B4825AB2231120D0097E3EA /* Products */,
				4B67032D9763838046DF46AF /* Pods */,
				0138B76D37593B6A68A6A5CD /* Frameworks */,
			);
			sourceTree = "<group>";
		};
		0B4825AB2231120D0097E3EA /* Products */ = {
			isa = PBXGroup;
			children = (
				0B4825AA2231120D0097E3EA /* CYDemo.app */,
				0B4825C22231120E0097E3EA /* CYDemoTests.xctest */,
				0B4825CD2231120E0097E3EA /* CYDemoUITests.xctest */,
			);
			name = Products;
			sourceTree = "<group>";
		};
		0B4825AC2231120D0097E3EA /* CYDemo */ = {
			isa = PBXGroup;
			children = (
				0B4825AD2231120D0097E3EA /* AppDelegate.h */,
				0B4825AE2231120D0097E3EA /* AppDelegate.m */,
				0B4825B02231120D0097E3EA /* ViewController.h */,
				0B4825B12231120E0097E3EA /* ViewController.m */,
				0B4825B32231120E0097E3EA /* Main.storyboard */,
				0B4825B62231120E0097E3EA /* Assets.xcassets */,
				0B4825B82231120E0097E3EA /* LaunchScreen.storyboard */,
				0B4825BB2231120E0097E3EA /* Info.plist */,
				0B4825BC2231120E0097E3EA /* main.m */,
			);
			path = CYDemo;
			sourceTree = "<group>";
		};
		0B4825C52231120E0097E3EA /* CYDemoTests */ = {
			isa = PBXGroup;
			children = (
				0B4825C62231120E0097E3EA /* CYDemoTests.m */,
				0B4825C82231120E0097E3EA /* Info.plist */,
			);
			path = CYDemoTests;
			sourceTree = "<group>";
		};
		0B4825D02231120E0097E3EA /* CYDemoUITests */ = {
			isa = PBXGroup;
			children = (
				0B4825D12231120E0097E3EA /* CYDemoUITests.m */,
				0B4825D32231120E0097E3EA /* Info.plist */,
			);
			path = CYDemoUITests;
			sourceTree = "<group>";
		};
		0BBA5B67223112CF005DB5F7 /* Lib */ = {
			isa = PBXGroup;
			children = (
			);
			path = Lib;
			sourceTree = "<group>";
		};
		4B67032D9763838046DF46AF /* Pods */ = {
			isa = PBXGroup;
			children = (
				B7CBF8635BF8C8B795CA1924 /* Pods-CYDemo.debug.xcconfig */,
				B229115EE9C6F3BFF3FA7D6A /* Pods-CYDemo.release.xcconfig */,
				AC57D51EC6B3DE040CA1FA49 /* Pods-CYDemoTests.debug.xcconfig */,
				E34599835953D1B13D32BEEB /* Pods-CYDemoTests.release.xcconfig */,
				1B22B3E51A0573237EE1D83C /* Pods-CYDemoUITests.debug.xcconfig */,
				70839F9DD7832BED2E7252D1 /* Pods-CYDemoUITests.release.xcconfig */,
			);
			name = Pods;
			sourceTree = "<group>";
		};
/* End PBXGroup section */

/* Begin PBXNativeTarget section */
		0B4825A92231120D0097E3EA /* CYDemo */ = {
			isa = PBXNativeTarget;
			buildConfigurationList = 0B4825D62231120E0097E3EA /* Build configuration list for PBXNativeTarget "CYDemo" */;
			buildPhases = (
				B83968FA0987D75D957AF8E1 /* [CP] Check Pods Manifest.lock */,
				0B4825A62231120D0097E3EA /* Sources */,
				0B4825A72231120D0097E3EA /* Frameworks */,
				0B4825A82231120D0097E3EA /* Resources */,
			);
			buildRules = (
			);
			dependencies = (
			);
			name = CYDemo;
			productName = CYDemo;
			productReference = 0B4825AA2231120D0097E3EA /* CYDemo.app */;
			productType = "com.apple.product-type.application";
		};
		0B4825C12231120E0097E3EA /* CYDemoTests */ = {
			isa = PBXNativeTarget;
			buildConfigurationList = 0B4825D92231120E0097E3EA /* Build configuration list for PBXNativeTarget "CYDemoTests" */;
			buildPhases = (
				911E11F3C3BF636FED55F1A7 /* [CP] Check Pods Manifest.lock */,
				0B4825BE2231120E0097E3EA /* Sources */,
				0B4825BF2231120E0097E3EA /* Frameworks */,
				0B4825C02231120E0097E3EA /* Resources */,
			);
			buildRules = (
			);
			dependencies = (
				0B4825C42231120E0097E3EA /* PBXTargetDependency */,
			);
			name = CYDemoTests;
			productName = CYDemoTests;
			productReference = 0B4825C22231120E0097E3EA /* CYDemoTests.xctest */;
			productType = "com.apple.product-type.bundle.unit-test";
		};
		0B4825CC2231120E0097E3EA /* CYDemoUITests */ = {
			isa = PBXNativeTarget;
			buildConfigurationList = 0B4825DC2231120E0097E3EA /* Build configuration list for PBXNativeTarget "CYDemoUITests" */;
			buildPhases = (
				F0C1BD438FC76F074D3A8535 /* [CP] Check Pods Manifest.lock */,
				0B4825C92231120E0097E3EA /* Sources */,
				0B4825CA2231120E0097E3EA /* Frameworks */,
				0B4825CB2231120E0097E3EA /* Resources */,
			);
			buildRules = (
			);
			dependencies = (
				0B4825CF2231120E0097E3EA /* PBXTargetDependency */,
			);
			name = CYDemoUITests;
			productName = CYDemoUITests;
			productReference = 0B4825CD2231120E0097E3EA /* CYDemoUITests.xctest */;
			productType = "com.apple.product-type.bundle.ui-testing";
		};
/* End PBXNativeTarget section */

/* Begin PBXProject section */
		0B4825A22231120D0097E3EA /* Project object */ = {
			isa = PBXProject;
			attributes = {
				LastUpgradeCheck = 1010;
				ORGANIZATIONNAME = inspur;
				TargetAttributes = {
					0B4825A92231120D0097E3EA = {
						CreatedOnToolsVersion = 10.1;
					};
					0B4825C12231120E0097E3EA = {
						CreatedOnToolsVersion = 10.1;
						TestTargetID = 0B4825A92231120D0097E3EA;
					};
					0B4825CC2231120E0097E3EA = {
						CreatedOnToolsVersion = 10.1;
						TestTargetID = 0B4825A92231120D0097E3EA;
					};
				};
			};
			buildConfigurationList = 0B4825A52231120D0097E3EA /* Build configuration list for PBXProject "CYDemo" */;
			compatibilityVersion = "Xcode 9.3";
			developmentRegion = en;
			hasScannedForEncodings = 0;
			knownRegions = (
				en,
				Base,
			);
			mainGroup = 0B4825A12231120D0097E3EA;
			productRefGroup = 0B4825AB2231120D0097E3EA /* Products */;
			projectDirPath = "";
			projectRoot = "";
			targets = (
				0B4825A92231120D0097E3EA /* CYDemo */,
				0B4825C12231120E0097E3EA /* CYDemoTests */,
				0B4825CC2231120E0097E3EA /* CYDemoUITests */,
			);
		};
/* End PBXProject section */

/* Begin PBXResourcesBuildPhase section */
		0B4825A82231120D0097E3EA /* Resources */ = {
			isa = PBXResourcesBuildPhase;
			buildActionMask = 2147483647;
			files = (
				0B4825BA2231120E0097E3EA /* LaunchScreen.storyboard in Resources */,
				0B4825B72231120E0097E3EA /* Assets.xcassets in Resources */,
				0B4825B52231120E0097E3EA /* Main.storyboard in Resources */,
			);
			runOnlyForDeploymentPostprocessing = 0;
		};
		0B4825C02231120E0097E3EA /* Resources */ = {
			isa = PBXResourcesBuildPhase;
			buildActionMask = 2147483647;
			files = (
			);
			runOnlyForDeploymentPostprocessing = 0;
		};
		0B4825CB2231120E0097E3EA /* Resources */ = {
			isa = PBXResourcesBuildPhase;
			buildActionMask = 2147483647;
			files = (
			);
			runOnlyForDeploymentPostprocessing = 0;
		};
/* End PBXResourcesBuildPhase section */

/* Begin PBXShellScriptBuildPhase section */
		911E11F3C3BF636FED55F1A7 /* [CP] Check Pods Manifest.lock */ = {
			isa = PBXShellScriptBuildPhase;
			buildActionMask = 2147483647;
			files = (
			);
			inputFileListPaths = (
			);
			inputPaths = (
				"${PODS_PODFILE_DIR_PATH}/Podfile.lock",
				"${PODS_ROOT}/Manifest.lock",
			);
			name = "[CP] Check Pods Manifest.lock";
			outputFileListPaths = (
			);
			outputPaths = (
				"$(DERIVED_FILE_DIR)/Pods-CYDemoTests-checkManifestLockResult.txt",
			);
			runOnlyForDeploymentPostprocessing = 0;
			shellPath = /bin/sh;
			shellScript = "diff \"${PODS_PODFILE_DIR_PATH}/Podfile.lock\" \"${PODS_ROOT}/Manifest.lock\" > /dev/null\nif [ $? != 0 ] ; then\n    # print error to STDERR\n    echo \"error: The sandbox is not in sync with the Podfile.lock. Run 'pod install' or update your CocoaPods installation.\" >&2\n    exit 1\nfi\n# This output is used by Xcode 'outputs' to avoid re-running this script phase.\necho \"SUCCESS\" > \"${SCRIPT_OUTPUT_FILE_0}\"\n";
			showEnvVarsInLog = 0;
		};
		B83968FA0987D75D957AF8E1 /* [CP] Check Pods Manifest.lock */ = {
			isa = PBXShellScriptBuildPhase;
			buildActionMask = 2147483647;
			files = (
			);
			inputFileListPaths = (
			);
			inputPaths = (
				"${PODS_PODFILE_DIR_PATH}/Podfile.lock",
				"${PODS_ROOT}/Manifest.lock",
			);
			name = "[CP] Check Pods Manifest.lock";
			outputFileListPaths = (
			);
			outputPaths = (
				"$(DERIVED_FILE_DIR)/Pods-CYDemo-checkManifestLockResult.txt",
			);
			runOnlyForDeploymentPostprocessing = 0;
			shellPath = /bin/sh;
			shellScript = "diff \"${PODS_PODFILE_DIR_PATH}/Podfile.lock\" \"${PODS_ROOT}/Manifest.lock\" > /dev/null\nif [ $? != 0 ] ; then\n    # print error to STDERR\n    echo \"error: The sandbox is not in sync with the Podfile.lock. Run 'pod install' or update your CocoaPods installation.\" >&2\n    exit 1\nfi\n# This output is used by Xcode 'outputs' to avoid re-running this script phase.\necho \"SUCCESS\" > \"${SCRIPT_OUTPUT_FILE_0}\"\n";
			showEnvVarsInLog = 0;
		};
		F0C1BD438FC76F074D3A8535 /* [CP] Check Pods Manifest.lock */ = {
			isa = PBXShellScriptBuildPhase;
			buildActionMask = 2147483647;
			files = (
			);
			inputFileListPaths = (
			);
			inputPaths = (
				"${PODS_PODFILE_DIR_PATH}/Podfile.lock",
				"${PODS_ROOT}/Manifest.lock",
			);
			name = "[CP] Check Pods Manifest.lock";
			outputFileListPaths = (
			);
			outputPaths = (
				"$(DERIVED_FILE_DIR)/Pods-CYDemoUITests-checkManifestLockResult.txt",
			);
			runOnlyForDeploymentPostprocessing = 0;
			shellPath = /bin/sh;
			shellScript = "diff \"${PODS_PODFILE_DIR_PATH}/Podfile.lock\" \"${PODS_ROOT}/Manifest.lock\" > /dev/null\nif [ $? != 0 ] ; then\n    # print error to STDERR\n    echo \"error: The sandbox is not in sync with the Podfile.lock. Run 'pod install' or update your CocoaPods installation.\" >&2\n    exit 1\nfi\n# This output is used by Xcode 'outputs' to avoid re-running this script phase.\necho \"SUCCESS\" > \"${SCRIPT_OUTPUT_FILE_0}\"\n";
			showEnvVarsInLog = 0;
		};
/* End PBXShellScriptBuildPhase section */

/* Begin PBXSourcesBuildPhase section */
		0B4825A62231120D0097E3EA /* Sources */ = {
			isa = PBXSourcesBuildPhase;
			buildActionMask = 2147483647;
			files = (
				0B4825B22231120E0097E3EA /* ViewController.m in Sources */,
				0B4825BD2231120E0097E3EA /* main.m in Sources */,
				0B4825AF2231120D0097E3EA /* AppDelegate.m in Sources */,
			);
			runOnlyForDeploymentPostprocessing = 0;
		};
		0B4825BE2231120E0097E3EA /* Sources */ = {
			isa = PBXSourcesBuildPhase;
			buildActionMask = 2147483647;
			files = (
				0B4825C72231120E0097E3EA /* CYDemoTests.m in Sources */,
			);
			runOnlyForDeploymentPostprocessing = 0;
		};
		0B4825C92231120E0097E3EA /* Sources */ = {
			isa = PBXSourcesBuildPhase;
			buildActionMask = 2147483647;
			files = (
				0B4825D22231120E0097E3EA /* CYDemoUITests.m in Sources */,
			);
			runOnlyForDeploymentPostprocessing = 0;
		};
/* End PBXSourcesBuildPhase section */

/* Begin PBXTargetDependency section */
		0B4825C42231120E0097E3EA /* PBXTargetDependency */ = {
			isa = PBXTargetDependency;
			target = 0B4825A92231120D0097E3EA /* CYDemo */;
			targetProxy = 0B4825C32231120E0097E3EA /* PBXContainerItemProxy */;
		};
		0B4825CF2231120E0097E3EA /* PBXTargetDependency */ = {
			isa = PBXTargetDependency;
			target = 0B4825A92231120D0097E3EA /* CYDemo */;
			targetProxy = 0B4825CE2231120E0097E3EA /* PBXContainerItemProxy */;
		};
/* End PBXTargetDependency section */

/* Begin PBXVariantGroup section */
		0B4825B32231120E0097E3EA /* Main.storyboard */ = {
			isa = PBXVariantGroup;
			children = (
				0B4825B42231120E0097E3EA /* Base */,
			);
			name = Main.storyboard;
			sourceTree = "<group>";
		};
		0B4825B82231120E0097E3EA /* LaunchScreen.storyboard */ = {
			isa = PBXVariantGroup;
			children = (
				0B4825B92231120E0097E3EA /* Base */,
			);
			name = LaunchScreen.storyboard;
			sourceTree = "<group>";
		};
/* End PBXVariantGroup section */

/* Begin XCBuildConfiguration section */
		0B4825D42231120E0097E3EA /* Debug */ = {
			isa = XCBuildConfiguration;
			buildSettings = {
				ALWAYS_SEARCH_USER_PATHS = NO;
				CLANG_ANALYZER_NONNULL = YES;
				CLANG_ANALYZER_NUMBER_OBJECT_CONVERSION = YES_AGGRESSIVE;
				CLANG_CXX_LANGUAGE_STANDARD = "gnu++14";
				CLANG_CXX_LIBRARY = "libc++";
				CLANG_ENABLE_MODULES = YES;
				CLANG_ENABLE_OBJC_ARC = YES;
				CLANG_ENABLE_OBJC_WEAK = YES;
				CLANG_WARN_BLOCK_CAPTURE_AUTORELEASING = YES;
				CLANG_WARN_BOOL_CONVERSION = YES;
				CLANG_WARN_COMMA = YES;
				CLANG_WARN_CONSTANT_CONVERSION = YES;
				CLANG_WARN_DEPRECATED_OBJC_IMPLEMENTATIONS = YES;
				CLANG_WARN_DIRECT_OBJC_ISA_USAGE = YES_ERROR;
				CLANG_WARN_DOCUMENTATION_COMMENTS = YES;
				CLANG_WARN_EMPTY_BODY = YES;
				CLANG_WARN_ENUM_CONVERSION = YES;
				CLANG_WARN_INFINITE_RECURSION = YES;
				CLANG_WARN_INT_CONVERSION = YES;
				CLANG_WARN_NON_LITERAL_NULL_CONVERSION = YES;
				CLANG_WARN_OBJC_IMPLICIT_RETAIN_SELF = YES;
				CLANG_WARN_OBJC_LITERAL_CONVERSION = YES;
				CLANG_WARN_OBJC_ROOT_CLASS = YES_ERROR;
				CLANG_WARN_RANGE_LOOP_ANALYSIS = YES;
				CLANG_WARN_STRICT_PROTOTYPES = YES;
				CLANG_WARN_SUSPICIOUS_MOVE = YES;
				CLANG_WARN_UNGUARDED_AVAILABILITY = YES_AGGRESSIVE;
				CLANG_WARN_UNREACHABLE_CODE = YES;
				CLANG_WARN__DUPLICATE_METHOD_MATCH = YES;
				CODE_SIGN_IDENTITY = "iPhone Developer";
				COPY_PHASE_STRIP = NO;
				DEBUG_INFORMATION_FORMAT = dwarf;
				ENABLE_STRICT_OBJC_MSGSEND = YES;
				ENABLE_TESTABILITY = YES;
				GCC_C_LANGUAGE_STANDARD = gnu11;
				GCC_DYNAMIC_NO_PIC = NO;
				GCC_NO_COMMON_BLOCKS = YES;
				GCC_OPTIMIZATION_LEVEL = 0;
				GCC_PREPROCESSOR_DEFINITIONS = (
					"DEBUG=1",
					"$(inherited)",
				);
				GCC_WARN_64_TO_32_BIT_CONVERSION = YES;
				GCC_WARN_ABOUT_RETURN_TYPE = YES_ERROR;
				GCC_WARN_UNDECLARED_SELECTOR = YES;
				GCC_WARN_UNINITIALIZED_AUTOS = YES_AGGRESSIVE;
				GCC_WARN_UNUSED_FUNCTION = YES;
				GCC_WARN_UNUSED_VARIABLE = YES;
				IPHONEOS_DEPLOYMENT_TARGET = 12.1;
				MTL_ENABLE_DEBUG_INFO = INCLUDE_SOURCE;
				MTL_FAST_MATH = YES;
				ONLY_ACTIVE_ARCH = YES;
				SDKROOT = iphoneos;
			};
			name = Debug;
		};
		0B4825D52231120E0097E3EA /* Release */ = {
			isa = XCBuildConfiguration;
			buildSettings = {
				ALWAYS_SEARCH_USER_PATHS = NO;
				CLANG_ANALYZER_NONNULL = YES;
				CLANG_ANALYZER_NUMBER_OBJECT_CONVERSION = YES_AGGRESSIVE;
				CLANG_CXX_LANGUAGE_STANDARD = "gnu++14";
				CLANG_CXX_LIBRARY = "libc++";
				CLANG_ENABLE_MODULES = YES;
				CLANG_ENABLE_OBJC_ARC = YES;
				CLANG_ENABLE_OBJC_WEAK = YES;
				CLANG_WARN_BLOCK_CAPTURE_AUTORELEASING = YES;
				CLANG_WARN_BOOL_CONVERSION = YES;
				CLANG_WARN_COMMA = YES;
				CLANG_WARN_CONSTANT_CONVERSION = YES;
				CLANG_WARN_DEPRECATED_OBJC_IMPLEMENTATIONS = YES;
				CLANG_WARN_DIRECT_OBJC_ISA_USAGE = YES_ERROR;
				CLANG_WARN_DOCUMENTATION_COMMENTS = YES;
				CLANG_WARN_EMPTY_BODY = YES;
				CLANG_WARN_ENUM_CONVERSION = YES;
				CLANG_WARN_INFINITE_RECURSION = YES;
				CLANG_WARN_INT_CONVERSION = YES;
				CLANG_WARN_NON_LITERAL_NULL_CONVERSION = YES;
				CLANG_WARN_OBJC_IMPLICIT_RETAIN_SELF = YES;
				CLANG_WARN_OBJC_LITERAL_CONVERSION = YES;
				CLANG_WARN_OBJC_ROOT_CLASS = YES_ERROR;
				CLANG_WARN_RANGE_LOOP_ANALYSIS = YES;
				CLANG_WARN_STRICT_PROTOTYPES = YES;
				CLANG_WARN_SUSPICIOUS_MOVE = YES;
				CLANG_WARN_UNGUARDED_AVAILABILITY = YES_AGGRESSIVE;
				CLANG_WARN_UNREACHABLE_CODE = YES;
				CLANG_WARN__DUPLICATE_METHOD_MATCH = YES;
				CODE_SIGN_IDENTITY = "iPhone Developer";
				COPY_PHASE_STRIP = NO;
				DEBUG_INFORMATION_FORMAT = "dwarf-with-dsym";
				ENABLE_NS_ASSERTIONS = NO;
				ENABLE_STRICT_OBJC_MSGSEND = YES;
				GCC_C_LANGUAGE_STANDARD = gnu11;
				GCC_NO_COMMON_BLOCKS = YES;
				GCC_WARN_64_TO_32_BIT_CONVERSION = YES;
				GCC_WARN_ABOUT_RETURN_TYPE = YES_ERROR;
				GCC_WARN_UNDECLARED_SELECTOR = YES;
				GCC_WARN_UNINITIALIZED_AUTOS = YES_AGGRESSIVE;
				GCC_WARN_UNUSED_FUNCTION = YES;
				GCC_WARN_UNUSED_VARIABLE = YES;
				IPHONEOS_DEPLOYMENT_TARGET = 12.1;
				MTL_ENABLE_DEBUG_INFO = NO;
				MTL_FAST_MATH = YES;
				SDKROOT = iphoneos;
				VALIDATE_PRODUCT = YES;
			};
			name = Release;
		};
		0B4825D72231120E0097E3EA /* Debug */ = {
			isa = XCBuildConfiguration;
			baseConfigurationReference = B7CBF8635BF8C8B795CA1924 /* Pods-CYDemo.debug.xcconfig */;
			buildSettings = {
				ASSETCATALOG_COMPILER_APPICON_NAME = AppIcon;
				CODE_SIGN_STYLE = Automatic;
				DEVELOPMENT_TEAM = W86RC4AK8E;
				INFOPLIST_FILE = CYDemo/Info.plist;
				LD_RUNPATH_SEARCH_PATHS = (
					"$(inherited)",
					"@executable_path/Frameworks",
				);
				PRODUCT_BUNDLE_IDENTIFIER = com.inspur.icity.CYDemo;
				PRODUCT_NAME = "$(TARGET_NAME)";
				TARGETED_DEVICE_FAMILY = "1,2";
			};
			name = Debug;
		};
		0B4825D82231120E0097E3EA /* Release */ = {
			isa = XCBuildConfiguration;
			baseConfigurationReference = B229115EE9C6F3BFF3FA7D6A /* Pods-CYDemo.release.xcconfig */;
			buildSettings = {
				ASSETCATALOG_COMPILER_APPICON_NAME = AppIcon;
				CODE_SIGN_STYLE = Automatic;
				DEVELOPMENT_TEAM = W86RC4AK8E;
				INFOPLIST_FILE = CYDemo/Info.plist;
				LD_RUNPATH_SEARCH_PATHS = (
					"$(inherited)",
					"@executable_path/Frameworks",
				);
				PRODUCT_BUNDLE_IDENTIFIER = com.inspur.icity.CYDemo;
				PRODUCT_NAME = "$(TARGET_NAME)";
				TARGETED_DEVICE_FAMILY = "1,2";
			};
			name = Release;
		};
		0B4825DA2231120E0097E3EA /* Debug */ = {
			isa = XCBuildConfiguration;
			baseConfigurationReference = AC57D51EC6B3DE040CA1FA49 /* Pods-CYDemoTests.debug.xcconfig */;
			buildSettings = {
				BUNDLE_LOADER = "$(TEST_HOST)";
				CODE_SIGN_STYLE = Automatic;
				DEVELOPMENT_TEAM = W86RC4AK8E;
				INFOPLIST_FILE = CYDemoTests/Info.plist;
				LD_RUNPATH_SEARCH_PATHS = (
					"$(inherited)",
					"@executable_path/Frameworks",
					"@loader_path/Frameworks",
				);
				PRODUCT_BUNDLE_IDENTIFIER = com.inspur.icity.CYDemoTests;
				PRODUCT_NAME = "$(TARGET_NAME)";
				TARGETED_DEVICE_FAMILY = "1,2";
				TEST_HOST = "$(BUILT_PRODUCTS_DIR)/CYDemo.app/CYDemo";
			};
			name = Debug;
		};
		0B4825DB2231120E0097E3EA /* Release */ = {
			isa = XCBuildConfiguration;
			baseConfigurationReference = E34599835953D1B13D32BEEB /* Pods-CYDemoTests.release.xcconfig */;
			buildSettings = {
				BUNDLE_LOADER = "$(TEST_HOST)";
				CODE_SIGN_STYLE = Automatic;
				DEVELOPMENT_TEAM = W86RC4AK8E;
				INFOPLIST_FILE = CYDemoTests/Info.plist;
				LD_RUNPATH_SEARCH_PATHS = (
					"$(inherited)",
					"@executable_path/Frameworks",
					"@loader_path/Frameworks",
				);
				PRODUCT_BUNDLE_IDENTIFIER = com.inspur.icity.CYDemoTests;
				PRODUCT_NAME = "$(TARGET_NAME)";
				TARGETED_DEVICE_FAMILY = "1,2";
				TEST_HOST = "$(BUILT_PRODUCTS_DIR)/CYDemo.app/CYDemo";
			};
			name = Release;
		};
		0B4825DD2231120E0097E3EA /* Debug */ = {
			isa = XCBuildConfiguration;
			baseConfigurationReference = 1B22B3E51A0573237EE1D83C /* Pods-CYDemoUITests.debug.xcconfig */;
			buildSettings = {
				CODE_SIGN_STYLE = Automatic;
				DEVELOPMENT_TEAM = W86RC4AK8E;
				INFOPLIST_FILE = CYDemoUITests/Info.plist;
				LD_RUNPATH_SEARCH_PATHS = (
					"$(inherited)",
					"@executable_path/Frameworks",
					"@loader_path/Frameworks",
				);
				PRODUCT_BUNDLE_IDENTIFIER = com.inspur.icity.CYDemoUITests;
				PRODUCT_NAME = "$(TARGET_NAME)";
				TARGETED_DEVICE_FAMILY = "1,2";
				TEST_TARGET_NAME = CYDemo;
			};
			name = Debug;
		};
		0B4825DE2231120E0097E3EA /* Release */ = {
			isa = XCBuildConfiguration;
			baseConfigurationReference = 70839F9DD7832BED2E7252D1 /* Pods-CYDemoUITests.release.xcconfig */;
			buildSettings = {
				CODE_SIGN_STYLE = Automatic;
				DEVELOPMENT_TEAM = W86RC4AK8E;
				INFOPLIST_FILE = CYDemoUITests/Info.plist;
				LD_RUNPATH_SEARCH_PATHS = (
					"$(inherited)",
					"@executable_path/Frameworks",
					"@loader_path/Frameworks",
				);
				PRODUCT_BUNDLE_IDENTIFIER = com.inspur.icity.CYDemoUITests;
				PRODUCT_NAME = "$(TARGET_NAME)";
				TARGETED_DEVICE_FAMILY = "1,2";
				TEST_TARGET_NAME = CYDemo;
			};
			name = Release;
		};
/* End XCBuildConfiguration section */

/* Begin XCConfigurationList section */
		0B4825A52231120D0097E3EA /* Build configuration list for PBXProject "CYDemo" */ = {
			isa = XCConfigurationList;
			buildConfigurations = (
				0B4825D42231120E0097E3EA /* Debug */,
				0B4825D52231120E0097E3EA /* Release */,
			);
			defaultConfigurationIsVisible = 0;
			defaultConfigurationName = Release;
		};
		0B4825D62231120E0097E3EA /* Build configuration list for PBXNativeTarget "CYDemo" */ = {
			isa = XCConfigurationList;
			buildConfigurations = (
				0B4825D72231120E0097E3EA /* Debug */,
				0B4825D82231120E0097E3EA /* Release */,
			);
			defaultConfigurationIsVisible = 0;
			defaultConfigurationName = Release;
		};
		0B4825D92231120E0097E3EA /* Build configuration list for PBXNativeTarget "CYDemoTests" */ = {
			isa = XCConfigurationList;
			buildConfigurations = (
				0B4825DA2231120E0097E3EA /* Debug */,
				0B4825DB2231120E0097E3EA /* Release */,
			);
			defaultConfigurationIsVisible = 0;
			defaultConfigurationName = Release;
		};
		0B4825DC2231120E0097E3EA /* Build configuration list for PBXNativeTarget "CYDemoUITests" */ = {
			isa = XCConfigurationList;
			buildConfigurations = (
				0B4825DD2231120E0097E3EA /* Debug */,
				0B4825DE2231120E0097E3EA /* Release */,
			);
			defaultConfigurationIsVisible = 0;
			defaultConfigurationName = Release;
		};
/* End XCConfigurationList section */
	};
	rootObject = 0B4825A22231120D0097E3EA /* Project object */;
}
